{
  "version": "5",
  "remote": {
    "https://esm.sh/fake-indexeddb@6.2.2/es2022/build/esm/FDBRecord.mjs": "567dbc706442a6f68422f4373760f0a50b4f8734e0a81eb99a6fcd9c4ca82d4d",
    "https://esm.sh/fake-indexeddb@6.2.2/es2022/build/esm/lib/FakeDOMStringList.mjs": "130448029634953b8a175f35c9124ab2f87027c91c90b3ced2d8c6c44d6b1966",
    "https://esm.sh/fake-indexeddb@6.2.2/es2022/build/esm/lib/FakeEventTarget.mjs": "9a078fc0a1e7d37606bf8959a3114f09557fe4ea2711666593e8a58754cf01dc",
    "https://esm.sh/fake-indexeddb@6.2.2/es2022/build/esm/lib/RecordStore.mjs": "f98cd38f7e042235c848da5703cf1e3abd553a3d322b4a72c11b23c8631c0e0d",
    "https://esm.sh/fake-indexeddb@6.2.2/es2022/build/esm/lib/cmp.mjs": "1b6df0120c26f7f840ddd55947afa1741259dec5a0dc0687a6e7a3e7fc4012da",
    "https://esm.sh/fake-indexeddb@6.2.2/es2022/build/esm/lib/enforceRange.mjs": "799f7a2c2fb277a7ab905f85eb7ba0462378f03b68e1d89da1106b20ffa9e6c3",
    "https://esm.sh/fake-indexeddb@6.2.2/es2022/build/esm/lib/errors.mjs": "349970ee80c1b115004f721c89708fef47cf4a4bf6d5ac0a1121dc918f11d1ba",
    "https://esm.sh/fake-indexeddb@6.2.2/es2022/build/esm/lib/extractGetAllOptions.mjs": "5b643c99c684927828d9b26f35d18e8122d71ef552ec6ff1ce0eed8f2c361db7",
    "https://esm.sh/fake-indexeddb@6.2.2/es2022/build/esm/lib/extractKey.mjs": "c5edbed42f34bac6d915762ce113f54cd7cf066b97c9f7d2337401df8afcc408",
    "https://esm.sh/fake-indexeddb@6.2.2/es2022/build/esm/lib/getKeyPath.mjs": "106838e98a24d3ac7f7531442d7db1b98b0f983afcd9dd5bb9c04983ff7415ac",
    "https://esm.sh/fake-indexeddb@6.2.2/es2022/build/esm/lib/isSharedArrayBuffer.mjs": "d6facb639b648f3ed419fd9656aec1ab1d5c47511abc6e7c15c9fba7b32ff15c",
    "https://esm.sh/fake-indexeddb@6.2.2/es2022/build/esm/lib/validateKeyPath.mjs": "861d516a19e761145930c3f9874557eff83c108b3eca1f9185d45704036ca5ce",
    "https://esm.sh/fake-indexeddb@6.2.2/es2022/build/esm/lib/valueToKey.mjs": "b8b24856ffb8eb5e05cfcab58ac55a95d477c8203c46e09b4e7d443456c7fb29",
    "https://esm.sh/fake-indexeddb@6.2.2/es2022/build/esm/lib/valueToKeyRange.mjs": "d60d3274d6076a1ef8626b80a05e8d6520c3c3d11f6ae11c8eb94377cb005934",
    "https://esm.sh/fake-indexeddb@6.2.2/es2022/lib/FDBCursor.mjs": "fe9c694d4e742219ce5159171449223f91b65dddd647d1b757085459a8b61874",
    "https://esm.sh/fake-indexeddb@6.2.2/es2022/lib/FDBCursorWithValue.mjs": "848c56fa21027380b61a34a404eaa11e7b26a8f5840a24c958593c0fe56d1e3f",
    "https://esm.sh/fake-indexeddb@6.2.2/es2022/lib/FDBIndex.mjs": "55b66938e8bf1686fcee7d6a6def5478d11921bceea7e7ca675154fc6506bed8",
    "https://esm.sh/fake-indexeddb@6.2.2/es2022/lib/FDBKeyRange.mjs": "94adaf1b54b595c152d43b96d79da76e70f14cbfbfeb92aab0d8d072b27aebf3",
    "https://esm.sh/fake-indexeddb@6.2.2/es2022/lib/FDBObjectStore.mjs": "cafd3ce27fa15a4bae439de9075edcd9b403f2c12581128c97ce6563b0642dc7",
    "https://esm.sh/fake-indexeddb@6.2.2/es2022/lib/FDBRequest.mjs": "73a24320f9c8901bed7f4515d07bc078fc81bdb0f37ce646fad0550c04b2073f"
  },
  "workspace": {
    "packageJson": {
      "dependencies": [
        "npm:@eslint/js@^9.39.2",
        "npm:@types/deno@^2.5.0",
        "npm:@types/node@^25.2.0",
        "npm:@typescript/native-preview@7.0.0-dev.20260202.1",
        "npm:@vitest/browser-playwright@^4.0.14",
        "npm:@vitest/browser@^4.0.14",
        "npm:deno@^2.6.8",
        "npm:drizzle-kit@0.30.6",
        "npm:eslint-plugin-import@^2.32.0",
        "npm:eslint@^9.39.2",
        "npm:multiformats@^13.4.2",
        "npm:playwright-chromium@^1.58.0",
        "npm:playwright@^1.58.0",
        "npm:prettier@^3.8.1",
        "npm:tsx@^4.21.0",
        "npm:typescript-eslint@^8.53.1",
        "npm:typescript@^5.9.3",
        "npm:vitest@^4.0.14",
        "npm:wrangler@^4.61.1"
      ]
    }
  }
}
